// !$*UTF8*$!
{
	archiveVersion = 1;
	classes = {
	};
	objectVersion = 56;
	objects = {

/* Begin PBXBuildFile section */
		A53932222BB1ADF8004A29D0 /* XCloudTest_mac_appApp.swift in Sources */ = {isa = PBXBuildFile; fileRef = A53932212BB1ADF8004A29D0 /* XCloudTest_mac_appApp.swift */; };
		A53932242BB1ADF8004A29D0 /* ContentView.swift in Sources */ = {isa = PBXBuildFile; fileRef = A53932232BB1ADF8004A29D0 /* ContentView.swift */; };
		A53932262BB1ADF9004A29D0 /* Assets.xcassets in Resources */ = {isa = PBXBuildFile; fileRef = A53932252BB1ADF9004A29D0 /* Assets.xcassets */; };
		A53932292BB1ADF9004A29D0 /* Preview Assets.xcassets in Resources */ = {isa = PBXBuildFile; fileRef = A53932282BB1ADF9004A29D0 /* Preview Assets.xcassets */; };
		A53932342BB1ADF9004A29D0 /* XCloudTest_mac_appTests.swift in Sources */ = {isa = PBXBuildFile; fileRef = A53932332BB1ADF9004A29D0 /* XCloudTest_mac_appTests.swift */; };
		A539323E2BB1ADF9004A29D0 /* XCloudTest_mac_appUITests.swift in Sources */ = {isa = PBXBuildFile; fileRef = A539323D2BB1ADF9004A29D0 /* XCloudTest_mac_appUITests.swift */; };
		A53932402BB1ADF9004A29D0 /* XCloudTest_mac_appUITestsLaunchTests.swift in Sources */ = {isa = PBXBuildFile; fileRef = A539323F2BB1ADF9004A29D0 /* XCloudTest_mac_appUITestsLaunchTests.swift */; };
/* End PBXBuildFile section */

/* Begin PBXContainerItemProxy section */
		A53932302BB1ADF9004A29D0 /* PBXContainerItemProxy */ = {
			isa = PBXContainerItemProxy;
			containerPortal = A53932162BB1ADF8004A29D0 /* Project object */;
			proxyType = 1;
			remoteGlobalIDString = A539321D2BB1ADF8004A29D0;
			remoteInfo = XCloudTest_mac_app;
		};
		A539323A2BB1ADF9004A29D0 /* PBXContainerItemProxy */ = {
			isa = PBXContainerItemProxy;
			containerPortal = A53932162BB1ADF8004A29D0 /* Project object */;
			proxyType = 1;
			remoteGlobalIDString = A539321D2BB1ADF8004A29D0;
			remoteInfo = XCloudTest_mac_app;
		};
/* End PBXContainerItemProxy section */

/* Begin PBXFileReference section */
		A539321E2BB1ADF8004A29D0 /* XCloudTest_mac_app.app */ = {isa = PBXFileReference; explicitFileType = wrapper.application; includeInIndex = 0; path = XCloudTest_mac_app.app; sourceTree = BUILT_PRODUCTS_DIR; };
		A53932212BB1ADF8004A29D0 /* XCloudTest_mac_appApp.swift */ = {isa = PBXFileReference; lastKnownFileType = sourcecode.swift; path = XCloudTest_mac_appApp.swift; sourceTree = "<group>"; };
		A53932232BB1ADF8004A29D0 /* ContentView.swift */ = {isa = PBXFileReference; lastKnownFileType = sourcecode.swift; path = ContentView.swift; sourceTree = "<group>"; };
		A53932252BB1ADF9004A29D0 /* Assets.xcassets */ = {isa = PBXFileReference; lastKnownFileType = folder.assetcatalog; path = Assets.xcassets; sourceTree = "<group>"; };
		A53932282BB1ADF9004A29D0 /* Preview Assets.xcassets */ = {isa = PBXFileReference; lastKnownFileType = folder.assetcatalog; path = "Preview Assets.xcassets"; sourceTree = "<group>"; };
		A539322A2BB1ADF9004A29D0 /* XCloudTest_mac_app.entitlements */ = {isa = PBXFileReference; lastKnownFileType = text.plist.entitlements; path = XCloudTest_mac_app.entitlements; sourceTree = "<group>"; };
		A539322F2BB1ADF9004A29D0 /* XCloudTest_mac_appTests.xctest */ = {isa = PBXFileReference; explicitFileType = wrapper.cfbundle; includeInIndex = 0; path = XCloudTest_mac_appTests.xctest; sourceTree = BUILT_PRODUCTS_DIR; };
		A53932332BB1ADF9004A29D0 /* XCloudTest_mac_appTests.swift */ = {isa = PBXFileReference; lastKnownFileType = sourcecode.swift; path = XCloudTest_mac_appTests.swift; sourceTree = "<group>"; };
		A53932392BB1ADF9004A29D0 /* XCloudTest_mac_appUITests.xctest */ = {isa = PBXFileReference; explicitFileType = wrapper.cfbundle; includeInIndex = 0; path = XCloudTest_mac_appUITests.xctest; sourceTree = BUILT_PRODUCTS_DIR; };
		A539323D2BB1ADF9004A29D0 /* XCloudTest_mac_appUITests.swift */ = {isa = PBXFileReference; lastKnownFileType = sourcecode.swift; path = XCloudTest_mac_appUITests.swift; sourceTree = "<group>"; };
		A539323F2BB1ADF9004A29D0 /* XCloudTest_mac_appUITestsLaunchTests.swift */ = {isa = PBXFileReference; lastKnownFileType = sourcecode.swift; path = XCloudTest_mac_appUITestsLaunchTests.swift; sourceTree = "<group>"; };
/* End PBXFileReference section */

/* Begin PBXFrameworksBuildPhase section */
		A539321B2BB1ADF8004A29D0 /* Frameworks */ = {
			isa = PBXFrameworksBuildPhase;
			buildActionMask = 2147483647;
			files = (
			);
			runOnlyForDeploymentPostprocessing = 0;
		};
		A539322C2BB1ADF9004A29D0 /* Frameworks */ = {
			isa = PBXFrameworksBuildPhase;
			buildActionMask = 2147483647;
			files = (
			);
			runOnlyForDeploymentPostprocessing = 0;
		};
		A53932362BB1ADF9004A29D0 /* Frameworks */ = {
			isa = PBXFrameworksBuildPhase;
			buildActionMask = 2147483647;
			files = (
			);
			runOnlyForDeploymentPostprocessing = 0;
		};
/* End PBXFrameworksBuildPhase section */

/* Begin PBXGroup section */
		A53932152BB1ADF8004A29D0 = {
			isa = PBXGroup;
			children = (
				A53932202BB1ADF8004A29D0 /* XCloudTest_mac_app */,
				A53932322BB1ADF9004A29D0 /* XCloudTest_mac_appTests */,
				A539323C2BB1ADF9004A29D0 /* XCloudTest_mac_appUITests */,
				A539321F2BB1ADF8004A29D0 /* Products */,
			);
			sourceTree = "<group>";
		};
		A539321F2BB1ADF8004A29D0 /* Products */ = {
			isa = PBXGroup;
			children = (
				A539321E2BB1ADF8004A29D0 /* XCloudTest_mac_app.app */,
				A539322F2BB1ADF9004A29D0 /* XCloudTest_mac_appTests.xctest */,
				A53932392BB1ADF9004A29D0 /* XCloudTest_mac_appUITests.xctest */,
			);
			name = Products;
			sourceTree = "<group>";
		};
		A53932202BB1ADF8004A29D0 /* XCloudTest_mac_app */ = {
			isa = PBXGroup;
			children = (
				A53932212BB1ADF8004A29D0 /* XCloudTest_mac_appApp.swift */,
				A53932232BB1ADF8004A29D0 /* ContentView.swift */,
				A53932252BB1ADF9004A29D0 /* Assets.xcassets */,
				A539322A2BB1ADF9004A29D0 /* XCloudTest_mac_app.entitlements */,
				A53932272BB1ADF9004A29D0 /* Preview Content */,
			);
			path = XCloudTest_mac_app;
			sourceTree = "<group>";
		};
		A53932272BB1ADF9004A29D0 /* Preview Content */ = {
			isa = PBXGroup;
			children = (
				A53932282BB1ADF9004A29D0 /* Preview Assets.xcassets */,
			);
			path = "Preview Content";
			sourceTree = "<group>";
		};
		A53932322BB1ADF9004A29D0 /* XCloudTest_mac_appTests */ = {
			isa = PBXGroup;
			children = (
				A53932332BB1ADF9004A29D0 /* XCloudTest_mac_appTests.swift */,
			);
			path = XCloudTest_mac_appTests;
			sourceTree = "<group>";
		};
		A539323C2BB1ADF9004A29D0 /* XCloudTest_mac_appUITests */ = {
			isa = PBXGroup;
			children = (
				A539323D2BB1ADF9004A29D0 /* XCloudTest_mac_appUITests.swift */,
				A539323F2BB1ADF9004A29D0 /* XCloudTest_mac_appUITestsLaunchTests.swift */,
			);
			path = XCloudTest_mac_appUITests;
			sourceTree = "<group>";
		};
/* End PBXGroup section */

/* Begin PBXNativeTarget section */
		A539321D2BB1ADF8004A29D0 /* XCloudTest_mac_app */ = {
			isa = PBXNativeTarget;
			buildConfigurationList = A53932432BB1ADF9004A29D0 /* Build configuration list for PBXNativeTarget "XCloudTest_mac_app" */;
			buildPhases = (
				A539321A2BB1ADF8004A29D0 /* Sources */,
				A539321B2BB1ADF8004A29D0 /* Frameworks */,
				A539321C2BB1ADF8004A29D0 /* Resources */,
			);
			buildRules = (
			);
			dependencies = (
			);
			name = XCloudTest_mac_app;
			productName = XCloudTest_mac_app;
			productReference = A539321E2BB1ADF8004A29D0 /* XCloudTest_mac_app.app */;
			productType = "com.apple.product-type.application";
		};
		A539322E2BB1ADF9004A29D0 /* XCloudTest_mac_appTests */ = {
			isa = PBXNativeTarget;
			buildConfigurationList = A53932462BB1ADF9004A29D0 /* Build configuration list for PBXNativeTarget "XCloudTest_mac_appTests" */;
			buildPhases = (
				A539322B2BB1ADF9004A29D0 /* Sources */,
				A539322C2BB1ADF9004A29D0 /* Frameworks */,
				A539322D2BB1ADF9004A29D0 /* Resources */,
			);
			buildRules = (
			);
			dependencies = (
				A53932312BB1ADF9004A29D0 /* PBXTargetDependency */,
			);
			name = XCloudTest_mac_appTests;
			productName = XCloudTest_mac_appTests;
			productReference = A539322F2BB1ADF9004A29D0 /* XCloudTest_mac_appTests.xctest */;
			productType = "com.apple.product-type.bundle.unit-test";
		};
		A53932382BB1ADF9004A29D0 /* XCloudTest_mac_appUITests */ = {
			isa = PBXNativeTarget;
			buildConfigurationList = A53932492BB1ADF9004A29D0 /* Build configuration list for PBXNativeTarget "XCloudTest_mac_appUITests" */;
			buildPhases = (
				A53932352BB1ADF9004A29D0 /* Sources */,
				A53932362BB1ADF9004A29D0 /* Frameworks */,
				A53932372BB1ADF9004A29D0 /* Resources */,
			);
			buildRules = (
			);
			dependencies = (
				A539323B2BB1ADF9004A29D0 /* PBXTargetDependency */,
			);
			name = XCloudTest_mac_appUITests;
			productName = XCloudTest_mac_appUITests;
			productReference = A53932392BB1ADF9004A29D0 /* XCloudTest_mac_appUITests.xctest */;
			productType = "com.apple.product-type.bundle.ui-testing";
		};
/* End PBXNativeTarget section */

/* Begin PBXProject section */
		A53932162BB1ADF8004A29D0 /* Project object */ = {
			isa = PBXProject;
			attributes = {
				BuildIndependentTargetsInParallel = 1;
				LastSwiftUpdateCheck = 1530;
				LastUpgradeCheck = 1530;
				TargetAttributes = {
					A539321D2BB1ADF8004A29D0 = {
						CreatedOnToolsVersion = 15.3;
					};
					A539322E2BB1ADF9004A29D0 = {
						CreatedOnToolsVersion = 15.3;
						TestTargetID = A539321D2BB1ADF8004A29D0;
					};
					A53932382BB1ADF9004A29D0 = {
						CreatedOnToolsVersion = 15.3;
						TestTargetID = A539321D2BB1ADF8004A29D0;
					};
				};
			};
			buildConfigurationList = A53932192BB1ADF8004A29D0 /* Build configuration list for PBXProject "XCloudTest_mac_app" */;
			compatibilityVersion = "Xcode 14.0";
			developmentRegion = en;
			hasScannedForEncodings = 0;
			knownRegions = (
				en,
				Base,
			);
			mainGroup = A53932152BB1ADF8004A29D0;
			productRefGroup = A539321F2BB1ADF8004A29D0 /* Products */;
			projectDirPath = "";
			projectRoot = "";
			targets = (
				A539321D2BB1ADF8004A29D0 /* XCloudTest_mac_app */,
				A539322E2BB1ADF9004A29D0 /* XCloudTest_mac_appTests */,
				A53932382BB1ADF9004A29D0 /* XCloudTest_mac_appUITests */,
			);
		};
/* End PBXProject section */

/* Begin PBXResourcesBuildPhase section */
		A539321C2BB1ADF8004A29D0 /* Resources */ = {
			isa = PBXResourcesBuildPhase;
			buildActionMask = 2147483647;
			files = (
				A53932292BB1ADF9004A29D0 /* Preview Assets.xcassets in Resources */,
				A53932262BB1ADF9004A29D0 /* Assets.xcassets in Resources */,
			);
			runOnlyForDeploymentPostprocessing = 0;
		};
		A539322D2BB1ADF9004A29D0 /* Resources */ = {
			isa = PBXResourcesBuildPhase;
			buildActionMask = 2147483647;
			files = (
			);
			runOnlyForDeploymentPostprocessing = 0;
		};
		A53932372BB1ADF9004A29D0 /* Resources */ = {
			isa = PBXResourcesBuildPhase;
			buildActionMask = 2147483647;
			files = (
			);
			runOnlyForDeploymentPostprocessing = 0;
		};
/* End PBXResourcesBuildPhase section */

/* Begin PBXSourcesBuildPhase section */
		A539321A2BB1ADF8004A29D0 /* Sources */ = {
			isa = PBXSourcesBuildPhase;
			buildActionMask = 2147483647;
			files = (
				A53932242BB1ADF8004A29D0 /* ContentView.swift in Sources */,
				A53932222BB1ADF8004A29D0 /* XCloudTest_mac_appApp.swift in Sources */,
			);
			runOnlyForDeploymentPostprocessing = 0;
		};
		A539322B2BB1ADF9004A29D0 /* Sources */ = {
			isa = PBXSourcesBuildPhase;
			buildActionMask = 2147483647;
			files = (
				A53932342BB1ADF9004A29D0 /* XCloudTest_mac_appTests.swift in Sources */,
			);
			runOnlyForDeploymentPostprocessing = 0;
		};
		A53932352BB1ADF9004A29D0 /* Sources */ = {
			isa = PBXSourcesBuildPhase;
			buildActionMask = 2147483647;
			files = (
				A539323E2BB1ADF9004A29D0 /* XCloudTest_mac_appUITests.swift in Sources */,
				A53932402BB1ADF9004A29D0 /* XCloudTest_mac_appUITestsLaunchTests.swift in Sources */,
			);
			runOnlyForDeploymentPostprocessing = 0;
		};
/* End PBXSourcesBuildPhase section */

/* Begin PBXTargetDependency section */
		A53932312BB1ADF9004A29D0 /* PBXTargetDependency */ = {
			isa = PBXTargetDependency;
			target = A539321D2BB1ADF8004A29D0 /* XCloudTest_mac_app */;
			targetProxy = A53932302BB1ADF9004A29D0 /* PBXContainerItemProxy */;
		};
		A539323B2BB1ADF9004A29D0 /* PBXTargetDependency */ = {
			isa = PBXTargetDependency;
			target = A539321D2BB1ADF8004A29D0 /* XCloudTest_mac_app */;
			targetProxy = A539323A2BB1ADF9004A29D0 /* PBXContainerItemProxy */;
		};
/* End PBXTargetDependency section */

/* Begin XCBuildConfiguration section */
		A53932412BB1ADF9004A29D0 /* Debug */ = {
			isa = XCBuildConfiguration;
			buildSettings = {
				ALWAYS_SEARCH_USER_PATHS = NO;
				ASSETCATALOG_COMPILER_GENERATE_SWIFT_ASSET_SYMBOL_EXTENSIONS = YES;
				CLANG_ANALYZER_NONNULL = YES;
				CLANG_ANALYZER_NUMBER_OBJECT_CONVERSION = YES_AGGRESSIVE;
				CLANG_CXX_LANGUAGE_STANDARD = "gnu++20";
				CLANG_ENABLE_MODULES = YES;
				CLANG_ENABLE_OBJC_ARC = YES;
				CLANG_ENABLE_OBJC_WEAK = YES;
				CLANG_WARN_BLOCK_CAPTURE_AUTORELEASING = YES;
				CLANG_WARN_BOOL_CONVERSION = YES;
				CLANG_WARN_COMMA = YES;
				CLANG_WARN_CONSTANT_CONVERSION = YES;
				CLANG_WARN_DEPRECATED_OBJC_IMPLEMENTATIONS = YES;
				CLANG_WARN_DIRECT_OBJC_ISA_USAGE = YES_ERROR;
				CLANG_WARN_DOCUMENTATION_COMMENTS = YES;
				CLANG_WARN_EMPTY_BODY = YES;
				CLANG_WARN_ENUM_CONVERSION = YES;
				CLANG_WARN_INFINITE_RECURSION = YES;
				CLANG_WARN_INT_CONVERSION = YES;
				CLANG_WARN_NON_LITERAL_NULL_CONVERSION = YES;
				CLANG_WARN_OBJC_IMPLICIT_RETAIN_SELF = YES;
				CLANG_WARN_OBJC_LITERAL_CONVERSION = YES;
				CLANG_WARN_OBJC_ROOT_CLASS = YES_ERROR;
				CLANG_WARN_QUOTED_INCLUDE_IN_FRAMEWORK_HEADER = YES;
				CLANG_WARN_RANGE_LOOP_ANALYSIS = YES;
				CLANG_WARN_STRICT_PROTOTYPES = YES;
				CLANG_WARN_SUSPICIOUS_MOVE = YES;
				CLANG_WARN_UNGUARDED_AVAILABILITY = YES_AGGRESSIVE;
				CLANG_WARN_UNREACHABLE_CODE = YES;
				CLANG_WARN__DUPLICATE_METHOD_MATCH = YES;
				COPY_PHASE_STRIP = NO;
				DEBUG_INFORMATION_FORMAT = dwarf;
				ENABLE_STRICT_OBJC_MSGSEND = YES;
				ENABLE_TESTABILITY = YES;
				ENABLE_USER_SCRIPT_SANDBOXING = YES;
				GCC_C_LANGUAGE_STANDARD = gnu17;
				GCC_DYNAMIC_NO_PIC = NO;
				GCC_NO_COMMON_BLOCKS = YES;
				GCC_OPTIMIZATION_LEVEL = 0;
				GCC_PREPROCESSOR_DEFINITIONS = (
					"DEBUG=1",
					"$(inherited)",
				);
				GCC_WARN_64_TO_32_BIT_CONVERSION = YES;
				GCC_WARN_ABOUT_RETURN_TYPE = YES_ERROR;
				GCC_WARN_UNDECLARED_SELECTOR = YES;
				GCC_WARN_UNINITIALIZED_AUTOS = YES_AGGRESSIVE;
				GCC_WARN_UNUSED_FUNCTION = YES;
				GCC_WARN_UNUSED_VARIABLE = YES;
				LOCALIZATION_PREFERS_STRING_CATALOGS = YES;
				MACOSX_DEPLOYMENT_TARGET = 14.3;
				MTL_ENABLE_DEBUG_INFO = INCLUDE_SOURCE;
				MTL_FAST_MATH = YES;
				ONLY_ACTIVE_ARCH = YES;
				SDKROOT = macosx;
				SWIFT_ACTIVE_COMPILATION_CONDITIONS = "DEBUG $(inherited)";
				SWIFT_OPTIMIZATION_LEVEL = "-Onone";
			};
			name = Debug;
		};
		A53932422BB1ADF9004A29D0 /* Release */ = {
			isa = XCBuildConfiguration;
			buildSettings = {
				ALWAYS_SEARCH_USER_PATHS = NO;
				ASSETCATALOG_COMPILER_GENERATE_SWIFT_ASSET_SYMBOL_EXTENSIONS = YES;
				CLANG_ANALYZER_NONNULL = YES;
				CLANG_ANALYZER_NUMBER_OBJECT_CONVERSION = YES_AGGRESSIVE;
				CLANG_CXX_LANGUAGE_STANDARD = "gnu++20";
				CLANG_ENABLE_MODULES = YES;
				CLANG_ENABLE_OBJC_ARC = YES;
				CLANG_ENABLE_OBJC_WEAK = YES;
				CLANG_WARN_BLOCK_CAPTURE_AUTORELEASING = YES;
				CLANG_WARN_BOOL_CONVERSION = YES;
				CLANG_WARN_COMMA = YES;
				CLANG_WARN_CONSTANT_CONVERSION = YES;
				CLANG_WARN_DEPRECATED_OBJC_IMPLEMENTATIONS = YES;
				CLANG_WARN_DIRECT_OBJC_ISA_USAGE = YES_ERROR;
				CLANG_WARN_DOCUMENTATION_COMMENTS = YES;
				CLANG_WARN_EMPTY_BODY = YES;
				CLANG_WARN_ENUM_CONVERSION = YES;
				CLANG_WARN_INFINITE_RECURSION = YES;
				CLANG_WARN_INT_CONVERSION = YES;
				CLANG_WARN_NON_LITERAL_NULL_CONVERSION = YES;
				CLANG_WARN_OBJC_IMPLICIT_RETAIN_SELF = YES;
				CLANG_WARN_OBJC_LITERAL_CONVERSION = YES;
				CLANG_WARN_OBJC_ROOT_CLASS = YES_ERROR;
				CLANG_WARN_QUOTED_INCLUDE_IN_FRAMEWORK_HEADER = YES;
				CLANG_WARN_RANGE_LOOP_ANALYSIS = YES;
				CLANG_WARN_STRICT_PROTOTYPES = YES;
				CLANG_WARN_SUSPICIOUS_MOVE = YES;
				CLANG_WARN_UNGUARDED_AVAILABILITY = YES_AGGRESSIVE;
				CLANG_WARN_UNREACHABLE_CODE = YES;
				CLANG_WARN__DUPLICATE_METHOD_MATCH = YES;
				COPY_PHASE_STRIP = NO;
				DEBUG_INFORMATION_FORMAT = "dwarf-with-dsym";
				ENABLE_NS_ASSERTIONS = NO;
				ENABLE_STRICT_OBJC_MSGSEND = YES;
				ENABLE_USER_SCRIPT_SANDBOXING = YES;
				GCC_C_LANGUAGE_STANDARD = gnu17;
				GCC_NO_COMMON_BLOCKS = YES;
				GCC_WARN_64_TO_32_BIT_CONVERSION = YES;
				GCC_WARN_ABOUT_RETURN_TYPE = YES_ERROR;
				GCC_WARN_UNDECLARED_SELECTOR = YES;
				GCC_WARN_UNINITIALIZED_AUTOS = YES_AGGRESSIVE;
				GCC_WARN_UNUSED_FUNCTION = YES;
				GCC_WARN_UNUSED_VARIABLE = YES;
				LOCALIZATION_PREFERS_STRING_CATALOGS = YES;
				MACOSX_DEPLOYMENT_TARGET = 14.3;
				MTL_ENABLE_DEBUG_INFO = NO;
				MTL_FAST_MATH = YES;
				SDKROOT = macosx;
				SWIFT_COMPILATION_MODE = wholemodule;
			};
			name = Release;
		};
		A53932442BB1ADF9004A29D0 /* Debug */ = {
			isa = XCBuildConfiguration;
			buildSettings = {
				ASSETCATALOG_COMPILER_APPICON_NAME = AppIcon;
				ASSETCATALOG_COMPILER_GLOBAL_ACCENT_COLOR_NAME = AccentColor;
				CODE_SIGN_ENTITLEMENTS = XCloudTest_mac_app/XCloudTest_mac_app.entitlements;
				"CODE_SIGN_IDENTITY[sdk=macosx*]" = "-";
				CODE_SIGN_STYLE = Automatic;
				COMBINE_HIDPI_IMAGES = YES;
				CURRENT_PROJECT_VERSION = 1;
				DEVELOPMENT_ASSET_PATHS = "\"XCloudTest_mac_app/Preview Content\"";
				DEVELOPMENT_TEAM = 6PA34VY9P4;
				ENABLE_HARDENED_RUNTIME = YES;
				ENABLE_PREVIEWS = YES;
				GENERATE_INFOPLIST_FILE = YES;
				INFOPLIST_KEY_CFBundleDisplayName = Shangool;
				INFOPLIST_KEY_LSApplicationCategoryType = "public.app-category.books";
				INFOPLIST_KEY_NSHumanReadableCopyright = "";
				LD_RUNPATH_SEARCH_PATHS = (
					"$(inherited)",
					"@executable_path/../Frameworks",
				);
				MACOSX_DEPLOYMENT_TARGET = 14.0;
				MARKETING_VERSION = 1.0;
				PRODUCT_BUNDLE_IDENTIFIER = "de.sternx.XCloudTest-mac-app";
				PRODUCT_NAME = "$(TARGET_NAME)";
				SWIFT_EMIT_LOC_STRINGS = YES;
				SWIFT_VERSION = 5.0;
			};
			name = Debug;
		};
		A53932452BB1ADF9004A29D0 /* Release */ = {
			isa = XCBuildConfiguration;
			buildSettings = {
				ASSETCATALOG_COMPILER_APPICON_NAME = AppIcon;
				ASSETCATALOG_COMPILER_GLOBAL_ACCENT_COLOR_NAME = AccentColor;
				CODE_SIGN_ENTITLEMENTS = XCloudTest_mac_app/XCloudTest_mac_app.entitlements;
				"CODE_SIGN_IDENTITY[sdk=macosx*]" = "-";
				CODE_SIGN_STYLE = Automatic;
				COMBINE_HIDPI_IMAGES = YES;
				CURRENT_PROJECT_VERSION = 1;
				DEVELOPMENT_ASSET_PATHS = "\"XCloudTest_mac_app/Preview Content\"";
				DEVELOPMENT_TEAM = 6PA34VY9P4;
				ENABLE_HARDENED_RUNTIME = YES;
				ENABLE_PREVIEWS = YES;
				GENERATE_INFOPLIST_FILE = YES;
				INFOPLIST_KEY_CFBundleDisplayName = Shangool;
				INFOPLIST_KEY_LSApplicationCategoryType = "public.app-category.books";
				INFOPLIST_KEY_NSHumanReadableCopyright = "";
				LD_RUNPATH_SEARCH_PATHS = (
					"$(inherited)",
					"@executable_path/../Frameworks",
				);
				MACOSX_DEPLOYMENT_TARGET = 14.0;
				MARKETING_VERSION = 1.0;
				PRODUCT_BUNDLE_IDENTIFIER = "de.sternx.XCloudTest-mac-app";
				PRODUCT_NAME = "$(TARGET_NAME)";
				SWIFT_EMIT_LOC_STRINGS = YES;
				SWIFT_VERSION = 5.0;
			};
			name = Release;
		};
		A53932472BB1ADF9004A29D0 /* Debug */ = {
			isa = XCBuildConfiguration;
			buildSettings = {
				ALWAYS_EMBED_SWIFT_STANDARD_LIBRARIES = YES;
				BUNDLE_LOADER = "$(TEST_HOST)";
				CODE_SIGN_STYLE = Automatic;
				CURRENT_PROJECT_VERSION = 1;
				DEVELOPMENT_TEAM = 6PA34VY9P4;
				GENERATE_INFOPLIST_FILE = YES;
				MACOSX_DEPLOYMENT_TARGET = 14.3;
				MARKETING_VERSION = 1.0;
				PRODUCT_BUNDLE_IDENTIFIER = "de.sternx.XCloudTest-mac-appTests";
				PRODUCT_NAME = "$(TARGET_NAME)";
				SWIFT_EMIT_LOC_STRINGS = NO;
				SWIFT_VERSION = 5.0;
				TEST_HOST = "$(BUILT_PRODUCTS_DIR)/XCloudTest_mac_app.app/$(BUNDLE_EXECUTABLE_FOLDER_PATH)/XCloudTest_mac_app";
			};
			name = Debug;
		};
		A53932482BB1ADF9004A29D0 /* Release */ = {
			isa = XCBuildConfiguration;
			buildSettings = {
				ALWAYS_EMBED_SWIFT_STANDARD_LIBRARIES = YES;
				BUNDLE_LOADER = "$(TEST_HOST)";
				CODE_SIGN_STYLE = Automatic;
				CURRENT_PROJECT_VERSION = 1;
				DEVELOPMENT_TEAM = 6PA34VY9P4;
				GENERATE_INFOPLIST_FILE = YES;
				MACOSX_DEPLOYMENT_TARGET = 14.3;
				MARKETING_VERSION = 1.0;
				PRODUCT_BUNDLE_IDENTIFIER = "de.sternx.XCloudTest-mac-appTests";
				PRODUCT_NAME = "$(TARGET_NAME)";
				SWIFT_EMIT_LOC_STRINGS = NO;
				SWIFT_VERSION = 5.0;
				TEST_HOST = "$(BUILT_PRODUCTS_DIR)/XCloudTest_mac_app.app/$(BUNDLE_EXECUTABLE_FOLDER_PATH)/XCloudTest_mac_app";
			};
			name = Release;
		};
		A539324A2BB1ADF9004A29D0 /* Debug */ = {
			isa = XCBuildConfiguration;
			buildSettings = {
				ALWAYS_EMBED_SWIFT_STANDARD_LIBRARIES = YES;
				CODE_SIGN_STYLE = Automatic;
				CURRENT_PROJECT_VERSION = 1;
				DEVELOPMENT_TEAM = 6PA34VY9P4;
				GENERATE_INFOPLIST_FILE = YES;
				MARKETING_VERSION = 1.0;
				PRODUCT_BUNDLE_IDENTIFIER = "de.sternx.XCloudTest-mac-appUITests";
				PRODUCT_NAME = "$(TARGET_NAME)";
				SWIFT_EMIT_LOC_STRINGS = NO;
				SWIFT_VERSION = 5.0;
				TEST_TARGET_NAME = XCloudTest_mac_app;
			};
			name = Debug;
		};
		A539324B2BB1ADF9004A29D0 /* Release */ = {
			isa = XCBuildConfiguration;
			buildSettings = {
				ALWAYS_EMBED_SWIFT_STANDARD_LIBRARIES = YES;
				CODE_SIGN_STYLE = Automatic;
				CURRENT_PROJECT_VERSION = 1;
				DEVELOPMENT_TEAM = 6PA34VY9P4;
				GENERATE_INFOPLIST_FILE = YES;
				MARKETING_VERSION = 1.0;
				PRODUCT_BUNDLE_IDENTIFIER = "de.sternx.XCloudTest-mac-appUITests";
				PRODUCT_NAME = "$(TARGET_NAME)";
				SWIFT_EMIT_LOC_STRINGS = NO;
				SWIFT_VERSION = 5.0;
				TEST_TARGET_NAME = XCloudTest_mac_app;
			};
			name = Release;
		};
/* End XCBuildConfiguration section */

/* Begin XCConfigurationList section */
		A53932192BB1ADF8004A29D0 /* Build configuration list for PBXProject "XCloudTest_mac_app" */ = {
			isa = XCConfigurationList;
			buildConfigurations = (
				A53932412BB1ADF9004A29D0 /* Debug */,
				A53932422BB1ADF9004A29D0 /* Release */,
			);
			defaultConfigurationIsVisible = 0;
			defaultConfigurationName = Release;
		};
		A53932432BB1ADF9004A29D0 /* Build configuration list for PBXNativeTarget "XCloudTest_mac_app" */ = {
			isa = XCConfigurationList;
			buildConfigurations = (
				A53932442BB1ADF9004A29D0 /* Debug */,
				A53932452BB1ADF9004A29D0 /* Release */,
			);
			defaultConfigurationIsVisible = 0;
			defaultConfigurationName = Release;
		};
		A53932462BB1ADF9004A29D0 /* Build configuration list for PBXNativeTarget "XCloudTest_mac_appTests" */ = {
			isa = XCConfigurationList;
			buildConfigurations = (
				A53932472BB1ADF9004A29D0 /* Debug */,
				A53932482BB1ADF9004A29D0 /* Release */,
			);
			defaultConfigurationIsVisible = 0;
			defaultConfigurationName = Release;
		};
		A53932492BB1ADF9004A29D0 /* Build configuration list for PBXNativeTarget "XCloudTest_mac_appUITests" */ = {
			isa = XCConfigurationList;
			buildConfigurations = (
				A539324A2BB1ADF9004A29D0 /* Debug */,
				A539324B2BB1ADF9004A29D0 /* Release */,
			);
			defaultConfigurationIsVisible = 0;
			defaultConfigurationName = Release;
		};
/* End XCConfigurationList section */
	};
	rootObject = A53932162BB1ADF8004A29D0 /* Project object */;
}
